
Microsoft Visual Studio Solution File, Format Version 12.00
# Visual Studio Version 17
VisualStudioVersion = 17.0.31903.59
MinimumVisualStudioVersion = 10.0.40219.1
Project("{2150E333-8FDC-42A3-9474-1A3956D46DE8}") = "src", "src", "{237FCDF1-4B4C-4F0D-B601-AA89B80E1F9C}"
EndProject
Project("{FAE04EC0-301F-11D3-BF4B-00C04F79EFBC}") = "Api", "src\Api\Api.csproj", "{2E592E92-3848-49DC-81B5-1BF3AE96242B}"
EndProject
Project("{FAE04EC0-301F-11D3-BF4B-00C04F79EFBC}") = "Application", "src\Application\Application.csproj", "{55B2C32F-6CB0-4297-A1C4-34E8DDE55D89}"
EndProject
Project("{FAE04EC0-301F-11D3-BF4B-00C04F79EFBC}") = "Domain", "src\Domain\Domain.csproj", "{6FDB3E47-ADAE-4210-A742-BD73CDA8FEAC}"
EndProject
Project("{FAE04EC0-301F-11D3-BF4B-00C04F79EFBC}") = "Infrastructure", "src\Infrastructure\Infrastructure.csproj", "{32B0E2BE-D59A-422E-947F-AEBEDF8DD8A7}"
EndProject
Project("{2150E333-8FDC-42A3-9474-1A3956D46DE8}") = "tests", "tests", "{9318579B-50D8-44C6-AFDF-678AD120B1B4}"
EndProject
Project("{FAE04EC0-301F-11D3-BF4B-00C04F79EFBC}") = "Api.Tests", "tests\Api.Tests\Api.Tests.csproj", "{12E080E8-EDB4-44A7-8000-ECAEDAF036B6}"
EndProject
Project("{FAE04EC0-301F-11D3-BF4B-00C04F79EFBC}") = "Application.Tests", "tests\Application.Tests\Application.Tests.csproj", "{C732F10C-E6CF-4AB5-A90F-137D62856113}"
EndProject
Project("{FAE04EC0-301F-11D3-BF4B-00C04F79EFBC}") = "Domain.Tests", "tests\Domain.Tests\Domain.Tests.csproj", "{D5689904-F5FD-4234-B827-AC10ACEE4BA2}"
EndProject
Project("{FAE04EC0-301F-11D3-BF4B-00C04F79EFBC}") = "Infrastructure.Tests", "tests\Infrastructure.Tests\Infrastructure.Tests.csproj", "{D5032101-9F04-4634-982C-52DC6B5698AE}"
EndProject
Global
	GlobalSection(SolutionConfigurationPlatforms) = preSolution
		Debug|Any CPU = Debug|Any CPU
		Release|Any CPU = Release|Any CPU
	EndGlobalSection
	GlobalSection(SolutionProperties) = preSolution
		HideSolutionNode = FALSE
	EndGlobalSection
	GlobalSection(ProjectConfigurationPlatforms) = postSolution
		{2E592E92-3848-49DC-81B5-1BF3AE96242B}.Debug|Any CPU.ActiveCfg = Debug|Any CPU
		{2E592E92-3848-49DC-81B5-1BF3AE96242B}.Debug|Any CPU.Build.0 = Debug|Any CPU
		{2E592E92-3848-49DC-81B5-1BF3AE96242B}.Release|Any CPU.ActiveCfg = Release|Any CPU
		{2E592E92-3848-49DC-81B5-1BF3AE96242B}.Release|Any CPU.Build.0 = Release|Any CPU
		{55B2C32F-6CB0-4297-A1C4-34E8DDE55D89}.Debug|Any CPU.ActiveCfg = Debug|Any CPU
		{55B2C32F-6CB0-4297-A1C4-34E8DDE55D89}.Debug|Any CPU.Build.0 = Debug|Any CPU
		{55B2C32F-6CB0-4297-A1C4-34E8DDE55D89}.Release|Any CPU.ActiveCfg = Release|Any CPU
		{55B2C32F-6CB0-4297-A1C4-34E8DDE55D89}.Release|Any CPU.Build.0 = Release|Any CPU
		{6FDB3E47-ADAE-4210-A742-BD73CDA8FEAC}.Debug|Any CPU.ActiveCfg = Debug|Any CPU
		{6FDB3E47-ADAE-4210-A742-BD73CDA8FEAC}.Debug|Any CPU.Build.0 = Debug|Any CPU
		{6FDB3E47-ADAE-4210-A742-BD73CDA8FEAC}.Release|Any CPU.ActiveCfg = Release|Any CPU
		{6FDB3E47-ADAE-4210-A742-BD73CDA8FEAC}.Release|Any CPU.Build.0 = Release|Any CPU
		{32B0E2BE-D59A-422E-947F-AEBEDF8DD8A7}.Debug|Any CPU.ActiveCfg = Debug|Any CPU
		{32B0E2BE-D59A-422E-947F-AEBEDF8DD8A7}.Debug|Any CPU.Build.0 = Debug|Any CPU
		{32B0E2BE-D59A-422E-947F-AEBEDF8DD8A7}.Release|Any CPU.ActiveCfg = Release|Any CPU
		{32B0E2BE-D59A-422E-947F-AEBEDF8DD8A7}.Release|Any CPU.Build.0 = Release|Any CPU
		{12E080E8-EDB4-44A7-8000-ECAEDAF036B6}.Debug|Any CPU.ActiveCfg = Debug|Any CPU
		{12E080E8-EDB4-44A7-8000-ECAEDAF036B6}.Debug|Any CPU.Build.0 = Debug|Any CPU
		{12E080E8-EDB4-44A7-8000-ECAEDAF036B6}.Release|Any CPU.ActiveCfg = Release|Any CPU
		{12E080E8-EDB4-44A7-8000-ECAEDAF036B6}.Release|Any CPU.Build.0 = Release|Any CPU
		{C732F10C-E6CF-4AB5-A90F-137D62856113}.Debug|Any CPU.ActiveCfg = Debug|Any CPU
		{C732F10C-E6CF-4AB5-A90F-137D62856113}.Debug|Any CPU.Build.0 = Debug|Any CPU
		{C732F10C-E6CF-4AB5-A90F-137D62856113}.Release|Any CPU.ActiveCfg = Release|Any CPU
		{C732F10C-E6CF-4AB5-A90F-137D62856113}.Release|Any CPU.Build.0 = Release|Any CPU
		{D5689904-F5FD-4234-B827-AC10ACEE4BA2}.Debug|Any CPU.ActiveCfg = Debug|Any CPU
		{D5689904-F5FD-4234-B827-AC10ACEE4BA2}.Debug|Any CPU.Build.0 = Debug|Any CPU
		{D5689904-F5FD-4234-B827-AC10ACEE4BA2}.Release|Any CPU.ActiveCfg = Release|Any CPU
		{D5689904-F5FD-4234-B827-AC10ACEE4BA2}.Release|Any CPU.Build.0 = Release|Any CPU
		{D5032101-9F04-4634-982C-52DC6B5698AE}.Debug|Any CPU.ActiveCfg = Debug|Any CPU
		{D5032101-9F04-4634-982C-52DC6B5698AE}.Debug|Any CPU.Build.0 = Debug|Any CPU
		{D5032101-9F04-4634-982C-52DC6B5698AE}.Release|Any CPU.ActiveCfg = Release|Any CPU
		{D5032101-9F04-4634-982C-52DC6B5698AE}.Release|Any CPU.Build.0 = Release|Any CPU
	EndGlobalSection
	GlobalSection(NestedProjects) = preSolution
		{2E592E92-3848-49DC-81B5-1BF3AE96242B} = {237FCDF1-4B4C-4F0D-B601-AA89B80E1F9C}
		{55B2C32F-6CB0-4297-A1C4-34E8DDE55D89} = {237FCDF1-4B4C-4F0D-B601-AA89B80E1F9C}
		{6FDB3E47-ADAE-4210-A742-BD73CDA8FEAC} = {237FCDF1-4B4C-4F0D-B601-AA89B80E1F9C}
		{32B0E2BE-D59A-422E-947F-AEBEDF8DD8A7} = {237FCDF1-4B4C-4F0D-B601-AA89B80E1F9C}
		{12E080E8-EDB4-44A7-8000-ECAEDAF036B6} = {9318579B-50D8-44C6-AFDF-678AD120B1B4}
		{C732F10C-E6CF-4AB5-A90F-137D62856113} = {9318579B-50D8-44C6-AFDF-678AD120B1B4}
		{D5689904-F5FD-4234-B827-AC10ACEE4BA2} = {9318579B-50D8-44C6-AFDF-678AD120B1B4}
		{D5032101-9F04-4634-982C-52DC6B5698AE} = {9318579B-50D8-44C6-AFDF-678AD120B1B4}
	EndGlobalSection
EndGlobal
